
Microsoft Visual Studio Solution File, Format Version 12.00
# Visual Studio 2012
Project("{FAE04EC0-301F-11D3-BF4B-00C04F79EFBC}") = "CST 238 Lab 7", "CST 238 Lab 7\CST 238 Lab 7.csproj", "{2E43C48B-1992-4395-BBB4-E1547F57C5ED}"
EndProject
Global
	GlobalSection(SolutionConfigurationPlatforms) = preSolution
		Debug|Any CPU = Debug|Any CPU
		Release|Any CPU = Release|Any CPU
	EndGlobalSection
	GlobalSection(ProjectConfigurationPlatforms) = postSolution
		{2E43C48B-1992-4395-BBB4-E1547F57C5ED}.Debug|Any CPU.ActiveCfg = Debug|Any CPU
		{2E43C48B-1992-4395-BBB4-E1547F57C5ED}.Debug|Any CPU.Build.0 = Debug|Any CPU
		{2E43C48B-1992-4395-BBB4-E1547F57C5ED}.Release|Any CPU.ActiveCfg = Release|Any CPU
		{2E43C48B-1992-4395-BBB4-E1547F57C5ED}.Release|Any CPU.Build.0 = Release|Any CPU
	EndGlobalSection
	GlobalSection(SolutionProperties) = preSolution
		HideSolutionNode = FALSE
	EndGlobalSection
EndGlobal
