
Microsoft Visual Studio Solution File, Format Version 12.00
# Visual Studio 14
VisualStudioVersion = 14.0.25420.1
MinimumVisualStudioVersion = 10.0.40219.1
Project("{FAE04EC0-301F-11D3-BF4B-00C04F79EFBC}") = "MyStack", "MyStack\MyStack.csproj", "{D1E70EDD-FB9F-454B-9388-1CF0D6B3A04F}"
EndProject
Project("{FAE04EC0-301F-11D3-BF4B-00C04F79EFBC}") = "MyStackTests", "MyStackTests\MyStackTests.csproj", "{B1221169-4495-4008-B14D-A19658CF547A}"
EndProject
Global
	GlobalSection(SolutionConfigurationPlatforms) = preSolution
		Debug|Any CPU = Debug|Any CPU
		Release|Any CPU = Release|Any CPU
	EndGlobalSection
	GlobalSection(ProjectConfigurationPlatforms) = postSolution
		{D1E70EDD-FB9F-454B-9388-1CF0D6B3A04F}.Debug|Any CPU.ActiveCfg = Debug|Any CPU
		{D1E70EDD-FB9F-454B-9388-1CF0D6B3A04F}.Debug|Any CPU.Build.0 = Debug|Any CPU
		{D1E70EDD-FB9F-454B-9388-1CF0D6B3A04F}.Release|Any CPU.ActiveCfg = Release|Any CPU
		{D1E70EDD-FB9F-454B-9388-1CF0D6B3A04F}.Release|Any CPU.Build.0 = Release|Any CPU
		{B1221169-4495-4008-B14D-A19658CF547A}.Debug|Any CPU.ActiveCfg = Debug|Any CPU
		{B1221169-4495-4008-B14D-A19658CF547A}.Debug|Any CPU.Build.0 = Debug|Any CPU
		{B1221169-4495-4008-B14D-A19658CF547A}.Release|Any CPU.ActiveCfg = Release|Any CPU
		{B1221169-4495-4008-B14D-A19658CF547A}.Release|Any CPU.Build.0 = Release|Any CPU
	EndGlobalSection
	GlobalSection(SolutionProperties) = preSolution
		HideSolutionNode = FALSE
	EndGlobalSection
	GlobalSection(TeamFoundationVersionControl) = preSolution
		SccNumberOfProjects = 3
		SccEnterpriseProvider = {4CA58AB2-18FA-4F8D-95D4-32DDF27D184C}
		SccTeamFoundationServer = https://oitcst236bm.visualstudio.com/
		SccLocalPath0 = .
		SccProjectUniqueName1 = MyStack\\MyStack.csproj
		SccProjectName1 = MyStack
		SccLocalPath1 = MyStack
		SccProjectUniqueName2 = MyStackTests\\MyStackTests.csproj
		SccProjectName2 = MyStackTests
		SccLocalPath2 = MyStackTests
	EndGlobalSection
EndGlobal
